
Microsoft Visual Studio Solution File, Format Version 12.00
# Visual Studio Version 16
VisualStudioVersion = 16.0.31321.278
MinimumVisualStudioVersion = 10.0.40219.1
Project("{FAE04EC0-301F-11D3-BF4B-00C04F79EFBC}") = "EmployeeManagement", "EmployeeManagement.csproj", "{5DBDE220-E7FB-43D5-A686-3005176EECD5}"
EndProject
Project("{FAE04EC0-301F-11D3-BF4B-00C04F79EFBC}") = "EmployeeBusinessLayer", "..\EmployeeBusinessLayer\EmployeeBusinessLayer.csproj", "{C1AD5611-D97B-480C-A175-ED34B32BC818}"
EndProject
Project("{FAE04EC0-301F-11D3-BF4B-00C04F79EFBC}") = "EmployeeDataAccessLayer", "..\EmployeeDataAccessLayer\EmployeeDataAccessLayer.csproj", "{007FDAB0-6DC3-414F-8625-568208915CA0}"
EndProject
Project("{FAE04EC0-301F-11D3-BF4B-00C04F79EFBC}") = "EmployeeBusinessObjects", "..\EmployeeBusinessObjects\EmployeeBusinessObjects.csproj", "{17AC824E-AD51-4E5A-9223-20E199872D95}"
EndProject
Project("{FAE04EC0-301F-11D3-BF4B-00C04F79EFBC}") = "EmployeeServicesTest", "..\EmployeeServiceTest\EmployeeServicesTest.csproj", "{C4AF58F1-67E0-4AF6-B9FA-49E1B178EE6F}"
EndProject
Global
	GlobalSection(SolutionConfigurationPlatforms) = preSolution
		Debug|Any CPU = Debug|Any CPU
		Release|Any CPU = Release|Any CPU
	EndGlobalSection
	GlobalSection(ProjectConfigurationPlatforms) = postSolution
		{5DBDE220-E7FB-43D5-A686-3005176EECD5}.Debug|Any CPU.ActiveCfg = Debug|Any CPU
		{5DBDE220-E7FB-43D5-A686-3005176EECD5}.Debug|Any CPU.Build.0 = Debug|Any CPU
		{5DBDE220-E7FB-43D5-A686-3005176EECD5}.Release|Any CPU.ActiveCfg = Release|Any CPU
		{5DBDE220-E7FB-43D5-A686-3005176EECD5}.Release|Any CPU.Build.0 = Release|Any CPU
		{C1AD5611-D97B-480C-A175-ED34B32BC818}.Debug|Any CPU.ActiveCfg = Debug|Any CPU
		{C1AD5611-D97B-480C-A175-ED34B32BC818}.Debug|Any CPU.Build.0 = Debug|Any CPU
		{C1AD5611-D97B-480C-A175-ED34B32BC818}.Release|Any CPU.ActiveCfg = Release|Any CPU
		{C1AD5611-D97B-480C-A175-ED34B32BC818}.Release|Any CPU.Build.0 = Release|Any CPU
		{007FDAB0-6DC3-414F-8625-568208915CA0}.Debug|Any CPU.ActiveCfg = Debug|Any CPU
		{007FDAB0-6DC3-414F-8625-568208915CA0}.Debug|Any CPU.Build.0 = Debug|Any CPU
		{007FDAB0-6DC3-414F-8625-568208915CA0}.Release|Any CPU.ActiveCfg = Release|Any CPU
		{007FDAB0-6DC3-414F-8625-568208915CA0}.Release|Any CPU.Build.0 = Release|Any CPU
		{17AC824E-AD51-4E5A-9223-20E199872D95}.Debug|Any CPU.ActiveCfg = Debug|Any CPU
		{17AC824E-AD51-4E5A-9223-20E199872D95}.Debug|Any CPU.Build.0 = Debug|Any CPU
		{17AC824E-AD51-4E5A-9223-20E199872D95}.Release|Any CPU.ActiveCfg = Release|Any CPU
		{17AC824E-AD51-4E5A-9223-20E199872D95}.Release|Any CPU.Build.0 = Release|Any CPU
		{C4AF58F1-67E0-4AF6-B9FA-49E1B178EE6F}.Debug|Any CPU.ActiveCfg = Debug|Any CPU
		{C4AF58F1-67E0-4AF6-B9FA-49E1B178EE6F}.Debug|Any CPU.Build.0 = Debug|Any CPU
		{C4AF58F1-67E0-4AF6-B9FA-49E1B178EE6F}.Release|Any CPU.ActiveCfg = Release|Any CPU
		{C4AF58F1-67E0-4AF6-B9FA-49E1B178EE6F}.Release|Any CPU.Build.0 = Release|Any CPU
	EndGlobalSection
	GlobalSection(SolutionProperties) = preSolution
		HideSolutionNode = FALSE
	EndGlobalSection
	GlobalSection(ExtensibilityGlobals) = postSolution
		SolutionGuid = {39BB2870-F16C-4854-94C0-83E38A894BFD}
	EndGlobalSection
EndGlobal
